// !$*UTF8*$!
{
	archiveVersion = 1;
	classes = {
	};
	objectVersion = 56;
	objects = {

/* Begin PBXBuildFile section */
		26CE3F922B45BB1F008B7070 /* CrackingTheCodingInterviewApp.swift in Sources */ = {isa = PBXBuildFile; fileRef = 26CE3F912B45BB1F008B7070 /* CrackingTheCodingInterviewApp.swift */; };
		26CE3F942B45BB1F008B7070 /* ContentView.swift in Sources */ = {isa = PBXBuildFile; fileRef = 26CE3F932B45BB1F008B7070 /* ContentView.swift */; };
		26CE3F962B45BB23008B7070 /* Assets.xcassets in Resources */ = {isa = PBXBuildFile; fileRef = 26CE3F952B45BB23008B7070 /* Assets.xcassets */; };
		26CE3F9A2B45BB23008B7070 /* Preview Assets.xcassets in Resources */ = {isa = PBXBuildFile; fileRef = 26CE3F992B45BB23008B7070 /* Preview Assets.xcassets */; };
		26CE3FA42B45BB23008B7070 /* CrackingTheCodingInterviewTests.swift in Sources */ = {isa = PBXBuildFile; fileRef = 26CE3FA32B45BB23008B7070 /* CrackingTheCodingInterviewTests.swift */; };
		26CE3FAE2B45BB23008B7070 /* CrackingTheCodingInterviewUITests.swift in Sources */ = {isa = PBXBuildFile; fileRef = 26CE3FAD2B45BB23008B7070 /* CrackingTheCodingInterviewUITests.swift */; };
		26CE3FB02B45BB23008B7070 /* CrackingTheCodingInterviewUITestsLaunchTests.swift in Sources */ = {isa = PBXBuildFile; fileRef = 26CE3FAF2B45BB23008B7070 /* CrackingTheCodingInterviewUITestsLaunchTests.swift */; };
/* End PBXBuildFile section */

/* Begin PBXContainerItemProxy section */
		26CE3FA02B45BB23008B7070 /* PBXContainerItemProxy */ = {
			isa = PBXContainerItemProxy;
			containerPortal = 26CE3F862B45BB1F008B7070 /* Project object */;
			proxyType = 1;
			remoteGlobalIDString = 26CE3F8D2B45BB1F008B7070;
			remoteInfo = CrackingTheCodingInterview;
		};
		26CE3FAA2B45BB23008B7070 /* PBXContainerItemProxy */ = {
			isa = PBXContainerItemProxy;
			containerPortal = 26CE3F862B45BB1F008B7070 /* Project object */;
			proxyType = 1;
			remoteGlobalIDString = 26CE3F8D2B45BB1F008B7070;
			remoteInfo = CrackingTheCodingInterview;
		};
/* End PBXContainerItemProxy section */

/* Begin PBXFileReference section */
		26CE3F8E2B45BB1F008B7070 /* CrackingTheCodingInterview.app */ = {isa = PBXFileReference; explicitFileType = wrapper.application; includeInIndex = 0; path = CrackingTheCodingInterview.app; sourceTree = BUILT_PRODUCTS_DIR; };
		26CE3F912B45BB1F008B7070 /* CrackingTheCodingInterviewApp.swift */ = {isa = PBXFileReference; lastKnownFileType = sourcecode.swift; path = CrackingTheCodingInterviewApp.swift; sourceTree = "<group>"; };
		26CE3F932B45BB1F008B7070 /* ContentView.swift */ = {isa = PBXFileReference; lastKnownFileType = sourcecode.swift; path = ContentView.swift; sourceTree = "<group>"; };
		26CE3F952B45BB23008B7070 /* Assets.xcassets */ = {isa = PBXFileReference; lastKnownFileType = folder.assetcatalog; path = Assets.xcassets; sourceTree = "<group>"; };
		26CE3F972B45BB23008B7070 /* CrackingTheCodingInterview.entitlements */ = {isa = PBXFileReference; lastKnownFileType = text.plist.entitlements; path = CrackingTheCodingInterview.entitlements; sourceTree = "<group>"; };
		26CE3F992B45BB23008B7070 /* Preview Assets.xcassets */ = {isa = PBXFileReference; lastKnownFileType = folder.assetcatalog; path = "Preview Assets.xcassets"; sourceTree = "<group>"; };
		26CE3F9F2B45BB23008B7070 /* CrackingTheCodingInterviewTests.xctest */ = {isa = PBXFileReference; explicitFileType = wrapper.cfbundle; includeInIndex = 0; path = CrackingTheCodingInterviewTests.xctest; sourceTree = BUILT_PRODUCTS_DIR; };
		26CE3FA32B45BB23008B7070 /* CrackingTheCodingInterviewTests.swift */ = {isa = PBXFileReference; lastKnownFileType = sourcecode.swift; path = CrackingTheCodingInterviewTests.swift; sourceTree = "<group>"; };
		26CE3FA92B45BB23008B7070 /* CrackingTheCodingInterviewUITests.xctest */ = {isa = PBXFileReference; explicitFileType = wrapper.cfbundle; includeInIndex = 0; path = CrackingTheCodingInterviewUITests.xctest; sourceTree = BUILT_PRODUCTS_DIR; };
		26CE3FAD2B45BB23008B7070 /* CrackingTheCodingInterviewUITests.swift */ = {isa = PBXFileReference; lastKnownFileType = sourcecode.swift; path = CrackingTheCodingInterviewUITests.swift; sourceTree = "<group>"; };
		26CE3FAF2B45BB23008B7070 /* CrackingTheCodingInterviewUITestsLaunchTests.swift */ = {isa = PBXFileReference; lastKnownFileType = sourcecode.swift; path = CrackingTheCodingInterviewUITestsLaunchTests.swift; sourceTree = "<group>"; };
/* End PBXFileReference section */

/* Begin PBXFrameworksBuildPhase section */
		26CE3F8B2B45BB1F008B7070 /* Frameworks */ = {
			isa = PBXFrameworksBuildPhase;
			buildActionMask = 2147483647;
			files = (
			);
			runOnlyForDeploymentPostprocessing = 0;
		};
		26CE3F9C2B45BB23008B7070 /* Frameworks */ = {
			isa = PBXFrameworksBuildPhase;
			buildActionMask = 2147483647;
			files = (
			);
			runOnlyForDeploymentPostprocessing = 0;
		};
		26CE3FA62B45BB23008B7070 /* Frameworks */ = {
			isa = PBXFrameworksBuildPhase;
			buildActionMask = 2147483647;
			files = (
			);
			runOnlyForDeploymentPostprocessing = 0;
		};
/* End PBXFrameworksBuildPhase section */

/* Begin PBXGroup section */
		26CE3F852B45BB1F008B7070 = {
			isa = PBXGroup;
			children = (
				26CE3F902B45BB1F008B7070 /* CrackingTheCodingInterview */,
				26CE3FA22B45BB23008B7070 /* CrackingTheCodingInterviewTests */,
				26CE3FAC2B45BB23008B7070 /* CrackingTheCodingInterviewUITests */,
				26CE3F8F2B45BB1F008B7070 /* Products */,
			);
			sourceTree = "<group>";
		};
		26CE3F8F2B45BB1F008B7070 /* Products */ = {
			isa = PBXGroup;
			children = (
				26CE3F8E2B45BB1F008B7070 /* CrackingTheCodingInterview.app */,
				26CE3F9F2B45BB23008B7070 /* CrackingTheCodingInterviewTests.xctest */,
				26CE3FA92B45BB23008B7070 /* CrackingTheCodingInterviewUITests.xctest */,
			);
			name = Products;
			sourceTree = "<group>";
		};
		26CE3F902B45BB1F008B7070 /* CrackingTheCodingInterview */ = {
			isa = PBXGroup;
			children = (
				26CE3F912B45BB1F008B7070 /* CrackingTheCodingInterviewApp.swift */,
				26CE3F932B45BB1F008B7070 /* ContentView.swift */,
				26CE3F952B45BB23008B7070 /* Assets.xcassets */,
				26CE3F972B45BB23008B7070 /* CrackingTheCodingInterview.entitlements */,
				26CE3F982B45BB23008B7070 /* Preview Content */,
			);
			path = CrackingTheCodingInterview;
			sourceTree = "<group>";
		};
		26CE3F982B45BB23008B7070 /* Preview Content */ = {
			isa = PBXGroup;
			children = (
				26CE3F992B45BB23008B7070 /* Preview Assets.xcassets */,
			);
			path = "Preview Content";
			sourceTree = "<group>";
		};
		26CE3FA22B45BB23008B7070 /* CrackingTheCodingInterviewTests */ = {
			isa = PBXGroup;
			children = (
				26CE3FA32B45BB23008B7070 /* CrackingTheCodingInterviewTests.swift */,
			);
			path = CrackingTheCodingInterviewTests;
			sourceTree = "<group>";
		};
		26CE3FAC2B45BB23008B7070 /* CrackingTheCodingInterviewUITests */ = {
			isa = PBXGroup;
			children = (
				26CE3FAD2B45BB23008B7070 /* CrackingTheCodingInterviewUITests.swift */,
				26CE3FAF2B45BB23008B7070 /* CrackingTheCodingInterviewUITestsLaunchTests.swift */,
			);
			path = CrackingTheCodingInterviewUITests;
			sourceTree = "<group>";
		};
/* End PBXGroup section */

/* Begin PBXNativeTarget section */
		26CE3F8D2B45BB1F008B7070 /* CrackingTheCodingInterview */ = {
			isa = PBXNativeTarget;
			buildConfigurationList = 26CE3FB32B45BB23008B7070 /* Build configuration list for PBXNativeTarget "CrackingTheCodingInterview" */;
			buildPhases = (
				26CE3F8A2B45BB1F008B7070 /* Sources */,
				26CE3F8B2B45BB1F008B7070 /* Frameworks */,
				26CE3F8C2B45BB1F008B7070 /* Resources */,
			);
			buildRules = (
			);
			dependencies = (
			);
			name = CrackingTheCodingInterview;
			productName = CrackingTheCodingInterview;
			productReference = 26CE3F8E2B45BB1F008B7070 /* CrackingTheCodingInterview.app */;
			productType = "com.apple.product-type.application";
		};
		26CE3F9E2B45BB23008B7070 /* CrackingTheCodingInterviewTests */ = {
			isa = PBXNativeTarget;
			buildConfigurationList = 26CE3FB62B45BB23008B7070 /* Build configuration list for PBXNativeTarget "CrackingTheCodingInterviewTests" */;
			buildPhases = (
				26CE3F9B2B45BB23008B7070 /* Sources */,
				26CE3F9C2B45BB23008B7070 /* Frameworks */,
				26CE3F9D2B45BB23008B7070 /* Resources */,
			);
			buildRules = (
			);
			dependencies = (
				26CE3FA12B45BB23008B7070 /* PBXTargetDependency */,
			);
			name = CrackingTheCodingInterviewTests;
			productName = CrackingTheCodingInterviewTests;
			productReference = 26CE3F9F2B45BB23008B7070 /* CrackingTheCodingInterviewTests.xctest */;
			productType = "com.apple.product-type.bundle.unit-test";
		};
		26CE3FA82B45BB23008B7070 /* CrackingTheCodingInterviewUITests */ = {
			isa = PBXNativeTarget;
			buildConfigurationList = 26CE3FB92B45BB23008B7070 /* Build configuration list for PBXNativeTarget "CrackingTheCodingInterviewUITests" */;
			buildPhases = (
				26CE3FA52B45BB23008B7070 /* Sources */,
				26CE3FA62B45BB23008B7070 /* Frameworks */,
				26CE3FA72B45BB23008B7070 /* Resources */,
			);
			buildRules = (
			);
			dependencies = (
				26CE3FAB2B45BB23008B7070 /* PBXTargetDependency */,
			);
			name = CrackingTheCodingInterviewUITests;
			productName = CrackingTheCodingInterviewUITests;
			productReference = 26CE3FA92B45BB23008B7070 /* CrackingTheCodingInterviewUITests.xctest */;
			productType = "com.apple.product-type.bundle.ui-testing";
		};
/* End PBXNativeTarget section */

/* Begin PBXProject section */
		26CE3F862B45BB1F008B7070 /* Project object */ = {
			isa = PBXProject;
			attributes = {
				BuildIndependentTargetsInParallel = 1;
				LastSwiftUpdateCheck = 1510;
				LastUpgradeCheck = 1510;
				TargetAttributes = {
					26CE3F8D2B45BB1F008B7070 = {
						CreatedOnToolsVersion = 15.1;
					};
					26CE3F9E2B45BB23008B7070 = {
						CreatedOnToolsVersion = 15.1;
						TestTargetID = 26CE3F8D2B45BB1F008B7070;
					};
					26CE3FA82B45BB23008B7070 = {
						CreatedOnToolsVersion = 15.1;
						TestTargetID = 26CE3F8D2B45BB1F008B7070;
					};
				};
			};
			buildConfigurationList = 26CE3F892B45BB1F008B7070 /* Build configuration list for PBXProject "CrackingTheCodingInterview" */;
			compatibilityVersion = "Xcode 14.0";
			developmentRegion = en;
			hasScannedForEncodings = 0;
			knownRegions = (
				en,
				Base,
			);
			mainGroup = 26CE3F852B45BB1F008B7070;
			productRefGroup = 26CE3F8F2B45BB1F008B7070 /* Products */;
			projectDirPath = "";
			projectRoot = "";
			targets = (
				26CE3F8D2B45BB1F008B7070 /* CrackingTheCodingInterview */,
				26CE3F9E2B45BB23008B7070 /* CrackingTheCodingInterviewTests */,
				26CE3FA82B45BB23008B7070 /* CrackingTheCodingInterviewUITests */,
			);
		};
/* End PBXProject section */

/* Begin PBXResourcesBuildPhase section */
		26CE3F8C2B45BB1F008B7070 /* Resources */ = {
			isa = PBXResourcesBuildPhase;
			buildActionMask = 2147483647;
			files = (
				26CE3F9A2B45BB23008B7070 /* Preview Assets.xcassets in Resources */,
				26CE3F962B45BB23008B7070 /* Assets.xcassets in Resources */,
			);
			runOnlyForDeploymentPostprocessing = 0;
		};
		26CE3F9D2B45BB23008B7070 /* Resources */ = {
			isa = PBXResourcesBuildPhase;
			buildActionMask = 2147483647;
			files = (
			);
			runOnlyForDeploymentPostprocessing = 0;
		};
		26CE3FA72B45BB23008B7070 /* Resources */ = {
			isa = PBXResourcesBuildPhase;
			buildActionMask = 2147483647;
			files = (
			);
			runOnlyForDeploymentPostprocessing = 0;
		};
/* End PBXResourcesBuildPhase section */

/* Begin PBXSourcesBuildPhase section */
		26CE3F8A2B45BB1F008B7070 /* Sources */ = {
			isa = PBXSourcesBuildPhase;
			buildActionMask = 2147483647;
			files = (
				26CE3F942B45BB1F008B7070 /* ContentView.swift in Sources */,
				26CE3F922B45BB1F008B7070 /* CrackingTheCodingInterviewApp.swift in Sources */,
			);
			runOnlyForDeploymentPostprocessing = 0;
		};
		26CE3F9B2B45BB23008B7070 /* Sources */ = {
			isa = PBXSourcesBuildPhase;
			buildActionMask = 2147483647;
			files = (
				26CE3FA42B45BB23008B7070 /* CrackingTheCodingInterviewTests.swift in Sources */,
			);
			runOnlyForDeploymentPostprocessing = 0;
		};
		26CE3FA52B45BB23008B7070 /* Sources */ = {
			isa = PBXSourcesBuildPhase;
			buildActionMask = 2147483647;
			files = (
				26CE3FB02B45BB23008B7070 /* CrackingTheCodingInterviewUITestsLaunchTests.swift in Sources */,
				26CE3FAE2B45BB23008B7070 /* CrackingTheCodingInterviewUITests.swift in Sources */,
			);
			runOnlyForDeploymentPostprocessing = 0;
		};
/* End PBXSourcesBuildPhase section */

/* Begin PBXTargetDependency section */
		26CE3FA12B45BB23008B7070 /* PBXTargetDependency */ = {
			isa = PBXTargetDependency;
			target = 26CE3F8D2B45BB1F008B7070 /* CrackingTheCodingInterview */;
			targetProxy = 26CE3FA02B45BB23008B7070 /* PBXContainerItemProxy */;
		};
		26CE3FAB2B45BB23008B7070 /* PBXTargetDependency */ = {
			isa = PBXTargetDependency;
			target = 26CE3F8D2B45BB1F008B7070 /* CrackingTheCodingInterview */;
			targetProxy = 26CE3FAA2B45BB23008B7070 /* PBXContainerItemProxy */;
		};
/* End PBXTargetDependency section */

/* Begin XCBuildConfiguration section */
		26CE3FB12B45BB23008B7070 /* Debug */ = {
			isa = XCBuildConfiguration;
			buildSettings = {
				ALWAYS_SEARCH_USER_PATHS = NO;
				ASSETCATALOG_COMPILER_GENERATE_SWIFT_ASSET_SYMBOL_EXTENSIONS = YES;
				CLANG_ANALYZER_NONNULL = YES;
				CLANG_ANALYZER_NUMBER_OBJECT_CONVERSION = YES_AGGRESSIVE;
				CLANG_CXX_LANGUAGE_STANDARD = "gnu++20";
				CLANG_ENABLE_MODULES = YES;
				CLANG_ENABLE_OBJC_ARC = YES;
				CLANG_ENABLE_OBJC_WEAK = YES;
				CLANG_WARN_BLOCK_CAPTURE_AUTORELEASING = YES;
				CLANG_WARN_BOOL_CONVERSION = YES;
				CLANG_WARN_COMMA = YES;
				CLANG_WARN_CONSTANT_CONVERSION = YES;
				CLANG_WARN_DEPRECATED_OBJC_IMPLEMENTATIONS = YES;
				CLANG_WARN_DIRECT_OBJC_ISA_USAGE = YES_ERROR;
				CLANG_WARN_DOCUMENTATION_COMMENTS = YES;
				CLANG_WARN_EMPTY_BODY = YES;
				CLANG_WARN_ENUM_CONVERSION = YES;
				CLANG_WARN_INFINITE_RECURSION = YES;
				CLANG_WARN_INT_CONVERSION = YES;
				CLANG_WARN_NON_LITERAL_NULL_CONVERSION = YES;
				CLANG_WARN_OBJC_IMPLICIT_RETAIN_SELF = YES;
				CLANG_WARN_OBJC_LITERAL_CONVERSION = YES;
				CLANG_WARN_OBJC_ROOT_CLASS = YES_ERROR;
				CLANG_WARN_QUOTED_INCLUDE_IN_FRAMEWORK_HEADER = YES;
				CLANG_WARN_RANGE_LOOP_ANALYSIS = YES;
				CLANG_WARN_STRICT_PROTOTYPES = YES;
				CLANG_WARN_SUSPICIOUS_MOVE = YES;
				CLANG_WARN_UNGUARDED_AVAILABILITY = YES_AGGRESSIVE;
				CLANG_WARN_UNREACHABLE_CODE = YES;
				CLANG_WARN__DUPLICATE_METHOD_MATCH = YES;
				COPY_PHASE_STRIP = NO;
				DEBUG_INFORMATION_FORMAT = dwarf;
				ENABLE_STRICT_OBJC_MSGSEND = YES;
				ENABLE_TESTABILITY = YES;
				ENABLE_USER_SCRIPT_SANDBOXING = YES;
				GCC_C_LANGUAGE_STANDARD = gnu17;
				GCC_DYNAMIC_NO_PIC = NO;
				GCC_NO_COMMON_BLOCKS = YES;
				GCC_OPTIMIZATION_LEVEL = 0;
				GCC_PREPROCESSOR_DEFINITIONS = (
					"DEBUG=1",
					"$(inherited)",
				);
				GCC_WARN_64_TO_32_BIT_CONVERSION = YES;
				GCC_WARN_ABOUT_RETURN_TYPE = YES_ERROR;
				GCC_WARN_UNDECLARED_SELECTOR = YES;
				GCC_WARN_UNINITIALIZED_AUTOS = YES_AGGRESSIVE;
				GCC_WARN_UNUSED_FUNCTION = YES;
				GCC_WARN_UNUSED_VARIABLE = YES;
				LOCALIZATION_PREFERS_STRING_CATALOGS = YES;
				MTL_ENABLE_DEBUG_INFO = INCLUDE_SOURCE;
				MTL_FAST_MATH = YES;
				ONLY_ACTIVE_ARCH = YES;
				SWIFT_ACTIVE_COMPILATION_CONDITIONS = "DEBUG $(inherited)";
				SWIFT_OPTIMIZATION_LEVEL = "-Onone";
			};
			name = Debug;
		};
		26CE3FB22B45BB23008B7070 /* Release */ = {
			isa = XCBuildConfiguration;
			buildSettings = {
				ALWAYS_SEARCH_USER_PATHS = NO;
				ASSETCATALOG_COMPILER_GENERATE_SWIFT_ASSET_SYMBOL_EXTENSIONS = YES;
				CLANG_ANALYZER_NONNULL = YES;
				CLANG_ANALYZER_NUMBER_OBJECT_CONVERSION = YES_AGGRESSIVE;
				CLANG_CXX_LANGUAGE_STANDARD = "gnu++20";
				CLANG_ENABLE_MODULES = YES;
				CLANG_ENABLE_OBJC_ARC = YES;
				CLANG_ENABLE_OBJC_WEAK = YES;
				CLANG_WARN_BLOCK_CAPTURE_AUTORELEASING = YES;
				CLANG_WARN_BOOL_CONVERSION = YES;
				CLANG_WARN_COMMA = YES;
				CLANG_WARN_CONSTANT_CONVERSION = YES;
				CLANG_WARN_DEPRECATED_OBJC_IMPLEMENTATIONS = YES;
				CLANG_WARN_DIRECT_OBJC_ISA_USAGE = YES_ERROR;
				CLANG_WARN_DOCUMENTATION_COMMENTS = YES;
				CLANG_WARN_EMPTY_BODY = YES;
				CLANG_WARN_ENUM_CONVERSION = YES;
				CLANG_WARN_INFINITE_RECURSION = YES;
				CLANG_WARN_INT_CONVERSION = YES;
				CLANG_WARN_NON_LITERAL_NULL_CONVERSION = YES;
				CLANG_WARN_OBJC_IMPLICIT_RETAIN_SELF = YES;
				CLANG_WARN_OBJC_LITERAL_CONVERSION = YES;
				CLANG_WARN_OBJC_ROOT_CLASS = YES_ERROR;
				CLANG_WARN_QUOTED_INCLUDE_IN_FRAMEWORK_HEADER = YES;
				CLANG_WARN_RANGE_LOOP_ANALYSIS = YES;
				CLANG_WARN_STRICT_PROTOTYPES = YES;
				CLANG_WARN_SUSPICIOUS_MOVE = YES;
				CLANG_WARN_UNGUARDED_AVAILABILITY = YES_AGGRESSIVE;
				CLANG_WARN_UNREACHABLE_CODE = YES;
				CLANG_WARN__DUPLICATE_METHOD_MATCH = YES;
				COPY_PHASE_STRIP = NO;
				DEBUG_INFORMATION_FORMAT = "dwarf-with-dsym";
				ENABLE_NS_ASSERTIONS = NO;
				ENABLE_STRICT_OBJC_MSGSEND = YES;
				ENABLE_USER_SCRIPT_SANDBOXING = YES;
				GCC_C_LANGUAGE_STANDARD = gnu17;
				GCC_NO_COMMON_BLOCKS = YES;
				GCC_WARN_64_TO_32_BIT_CONVERSION = YES;
				GCC_WARN_ABOUT_RETURN_TYPE = YES_ERROR;
				GCC_WARN_UNDECLARED_SELECTOR = YES;
				GCC_WARN_UNINITIALIZED_AUTOS = YES_AGGRESSIVE;
				GCC_WARN_UNUSED_FUNCTION = YES;
				GCC_WARN_UNUSED_VARIABLE = YES;
				LOCALIZATION_PREFERS_STRING_CATALOGS = YES;
				MTL_ENABLE_DEBUG_INFO = NO;
				MTL_FAST_MATH = YES;
				SWIFT_COMPILATION_MODE = wholemodule;
			};
			name = Release;
		};
		26CE3FB42B45BB23008B7070 /* Debug */ = {
			isa = XCBuildConfiguration;
			buildSettings = {
				ASSETCATALOG_COMPILER_APPICON_NAME = AppIcon;
				ASSETCATALOG_COMPILER_GLOBAL_ACCENT_COLOR_NAME = AccentColor;
				CODE_SIGN_ENTITLEMENTS = CrackingTheCodingInterview/CrackingTheCodingInterview.entitlements;
				CODE_SIGN_STYLE = Automatic;
				CURRENT_PROJECT_VERSION = 1;
				DEVELOPMENT_ASSET_PATHS = "\"CrackingTheCodingInterview/Preview Content\"";
				ENABLE_PREVIEWS = YES;
				GENERATE_INFOPLIST_FILE = YES;
				"INFOPLIST_KEY_UIApplicationSceneManifest_Generation[sdk=iphoneos*]" = YES;
				"INFOPLIST_KEY_UIApplicationSceneManifest_Generation[sdk=iphonesimulator*]" = YES;
				"INFOPLIST_KEY_UIApplicationSupportsIndirectInputEvents[sdk=iphoneos*]" = YES;
				"INFOPLIST_KEY_UIApplicationSupportsIndirectInputEvents[sdk=iphonesimulator*]" = YES;
				"INFOPLIST_KEY_UILaunchScreen_Generation[sdk=iphoneos*]" = YES;
				"INFOPLIST_KEY_UILaunchScreen_Generation[sdk=iphonesimulator*]" = YES;
				"INFOPLIST_KEY_UIStatusBarStyle[sdk=iphoneos*]" = UIStatusBarStyleDefault;
				"INFOPLIST_KEY_UIStatusBarStyle[sdk=iphonesimulator*]" = UIStatusBarStyleDefault;
				INFOPLIST_KEY_UISupportedInterfaceOrientations_iPad = "UIInterfaceOrientationPortrait UIInterfaceOrientationPortraitUpsideDown UIInterfaceOrientationLandscapeLeft UIInterfaceOrientationLandscapeRight";
				INFOPLIST_KEY_UISupportedInterfaceOrientations_iPhone = "UIInterfaceOrientationPortrait UIInterfaceOrientationLandscapeLeft UIInterfaceOrientationLandscapeRight";
				IPHONEOS_DEPLOYMENT_TARGET = 17.2;
				LD_RUNPATH_SEARCH_PATHS = "@executable_path/Frameworks";
				"LD_RUNPATH_SEARCH_PATHS[sdk=macosx*]" = "@executable_path/../Frameworks";
				MACOSX_DEPLOYMENT_TARGET = 13.6;
				MARKETING_VERSION = 1.0;
				PRODUCT_BUNDLE_IDENTIFIER = BVL.CrackingTheCodingInterview;
				PRODUCT_NAME = "$(TARGET_NAME)";
				SDKROOT = auto;
				SUPPORTED_PLATFORMS = "iphoneos iphonesimulator macosx";
				SWIFT_EMIT_LOC_STRINGS = YES;
				SWIFT_VERSION = 5.0;
				TARGETED_DEVICE_FAMILY = "1,2";
			};
			name = Debug;
		};
		26CE3FB52B45BB23008B7070 /* Release */ = {
			isa = XCBuildConfiguration;
			buildSettings = {
				ASSETCATALOG_COMPILER_APPICON_NAME = AppIcon;
				ASSETCATALOG_COMPILER_GLOBAL_ACCENT_COLOR_NAME = AccentColor;
				CODE_SIGN_ENTITLEMENTS = CrackingTheCodingInterview/CrackingTheCodingInterview.entitlements;
				CODE_SIGN_STYLE = Automatic;
				CURRENT_PROJECT_VERSION = 1;
				DEVELOPMENT_ASSET_PATHS = "\"CrackingTheCodingInterview/Preview Content\"";
				ENABLE_PREVIEWS = YES;
				GENERATE_INFOPLIST_FILE = YES;
				"INFOPLIST_KEY_UIApplicationSceneManifest_Generation[sdk=iphoneos*]" = YES;
				"INFOPLIST_KEY_UIApplicationSceneManifest_Generation[sdk=iphonesimulator*]" = YES;
				"INFOPLIST_KEY_UIApplicationSupportsIndirectInputEvents[sdk=iphoneos*]" = YES;
				"INFOPLIST_KEY_UIApplicationSupportsIndirectInputEvents[sdk=iphonesimulator*]" = YES;
				"INFOPLIST_KEY_UILaunchScreen_Generation[sdk=iphoneos*]" = YES;
				"INFOPLIST_KEY_UILaunchScreen_Generation[sdk=iphonesimulator*]" = YES;
				"INFOPLIST_KEY_UIStatusBarStyle[sdk=iphoneos*]" = UIStatusBarStyleDefault;
				"INFOPLIST_KEY_UIStatusBarStyle[sdk=iphonesimulator*]" = UIStatusBarStyleDefault;
				INFOPLIST_KEY_UISupportedInterfaceOrientations_iPad = "UIInterfaceOrientationPortrait UIInterfaceOrientationPortraitUpsideDown UIInterfaceOrientationLandscapeLeft UIInterfaceOrientationLandscapeRight";
				INFOPLIST_KEY_UISupportedInterfaceOrientations_iPhone = "UIInterfaceOrientationPortrait UIInterfaceOrientationLandscapeLeft UIInterfaceOrientationLandscapeRight";
				IPHONEOS_DEPLOYMENT_TARGET = 17.2;
				LD_RUNPATH_SEARCH_PATHS = "@executable_path/Frameworks";
				"LD_RUNPATH_SEARCH_PATHS[sdk=macosx*]" = "@executable_path/../Frameworks";
				MACOSX_DEPLOYMENT_TARGET = 13.6;
				MARKETING_VERSION = 1.0;
				PRODUCT_BUNDLE_IDENTIFIER = BVL.CrackingTheCodingInterview;
				PRODUCT_NAME = "$(TARGET_NAME)";
				SDKROOT = auto;
				SUPPORTED_PLATFORMS = "iphoneos iphonesimulator macosx";
				SWIFT_EMIT_LOC_STRINGS = YES;
				SWIFT_VERSION = 5.0;
				TARGETED_DEVICE_FAMILY = "1,2";
			};
			name = Release;
		};
		26CE3FB72B45BB23008B7070 /* Debug */ = {
			isa = XCBuildConfiguration;
			buildSettings = {
				ALWAYS_EMBED_SWIFT_STANDARD_LIBRARIES = YES;
				BUNDLE_LOADER = "$(TEST_HOST)";
				CODE_SIGN_STYLE = Automatic;
				CURRENT_PROJECT_VERSION = 1;
				GENERATE_INFOPLIST_FILE = YES;
				IPHONEOS_DEPLOYMENT_TARGET = 17.2;
				MACOSX_DEPLOYMENT_TARGET = 13.6;
				MARKETING_VERSION = 1.0;
				PRODUCT_BUNDLE_IDENTIFIER = BVL.CrackingTheCodingInterviewTests;
				PRODUCT_NAME = "$(TARGET_NAME)";
				SDKROOT = auto;
				SUPPORTED_PLATFORMS = "iphoneos iphonesimulator macosx";
				SWIFT_EMIT_LOC_STRINGS = NO;
				SWIFT_VERSION = 5.0;
				TARGETED_DEVICE_FAMILY = "1,2";
				TEST_HOST = "$(BUILT_PRODUCTS_DIR)/CrackingTheCodingInterview.app/$(BUNDLE_EXECUTABLE_FOLDER_PATH)/CrackingTheCodingInterview";
			};
			name = Debug;
		};
		26CE3FB82B45BB23008B7070 /* Release */ = {
			isa = XCBuildConfiguration;
			buildSettings = {
				ALWAYS_EMBED_SWIFT_STANDARD_LIBRARIES = YES;
				BUNDLE_LOADER = "$(TEST_HOST)";
				CODE_SIGN_STYLE = Automatic;
				CURRENT_PROJECT_VERSION = 1;
				GENERATE_INFOPLIST_FILE = YES;
				IPHONEOS_DEPLOYMENT_TARGET = 17.2;
				MACOSX_DEPLOYMENT_TARGET = 13.6;
				MARKETING_VERSION = 1.0;
				PRODUCT_BUNDLE_IDENTIFIER = BVL.CrackingTheCodingInterviewTests;
				PRODUCT_NAME = "$(TARGET_NAME)";
				SDKROOT = auto;
				SUPPORTED_PLATFORMS = "iphoneos iphonesimulator macosx";
				SWIFT_EMIT_LOC_STRINGS = NO;
				SWIFT_VERSION = 5.0;
				TARGETED_DEVICE_FAMILY = "1,2";
				TEST_HOST = "$(BUILT_PRODUCTS_DIR)/CrackingTheCodingInterview.app/$(BUNDLE_EXECUTABLE_FOLDER_PATH)/CrackingTheCodingInterview";
			};
			name = Release;
		};
		26CE3FBA2B45BB23008B7070 /* Debug */ = {
			isa = XCBuildConfiguration;
			buildSettings = {
				ALWAYS_EMBED_SWIFT_STANDARD_LIBRARIES = YES;
				CODE_SIGN_STYLE = Automatic;
				CURRENT_PROJECT_VERSION = 1;
				GENERATE_INFOPLIST_FILE = YES;
				IPHONEOS_DEPLOYMENT_TARGET = 17.2;
				MACOSX_DEPLOYMENT_TARGET = 13.6;
				MARKETING_VERSION = 1.0;
				PRODUCT_BUNDLE_IDENTIFIER = BVL.CrackingTheCodingInterviewUITests;
				PRODUCT_NAME = "$(TARGET_NAME)";
				SDKROOT = auto;
				SUPPORTED_PLATFORMS = "iphoneos iphonesimulator macosx";
				SWIFT_EMIT_LOC_STRINGS = NO;
				SWIFT_VERSION = 5.0;
				TARGETED_DEVICE_FAMILY = "1,2";
				TEST_TARGET_NAME = CrackingTheCodingInterview;
			};
			name = Debug;
		};
		26CE3FBB2B45BB23008B7070 /* Release */ = {
			isa = XCBuildConfiguration;
			buildSettings = {
				ALWAYS_EMBED_SWIFT_STANDARD_LIBRARIES = YES;
				CODE_SIGN_STYLE = Automatic;
				CURRENT_PROJECT_VERSION = 1;
				GENERATE_INFOPLIST_FILE = YES;
				IPHONEOS_DEPLOYMENT_TARGET = 17.2;
				MACOSX_DEPLOYMENT_TARGET = 13.6;
				MARKETING_VERSION = 1.0;
				PRODUCT_BUNDLE_IDENTIFIER = BVL.CrackingTheCodingInterviewUITests;
				PRODUCT_NAME = "$(TARGET_NAME)";
				SDKROOT = auto;
				SUPPORTED_PLATFORMS = "iphoneos iphonesimulator macosx";
				SWIFT_EMIT_LOC_STRINGS = NO;
				SWIFT_VERSION = 5.0;
				TARGETED_DEVICE_FAMILY = "1,2";
				TEST_TARGET_NAME = CrackingTheCodingInterview;
			};
			name = Release;
		};
/* End XCBuildConfiguration section */

/* Begin XCConfigurationList section */
		26CE3F892B45BB1F008B7070 /* Build configuration list for PBXProject "CrackingTheCodingInterview" */ = {
			isa = XCConfigurationList;
			buildConfigurations = (
				26CE3FB12B45BB23008B7070 /* Debug */,
				26CE3FB22B45BB23008B7070 /* Release */,
			);
			defaultConfigurationIsVisible = 0;
			defaultConfigurationName = Release;
		};
		26CE3FB32B45BB23008B7070 /* Build configuration list for PBXNativeTarget "CrackingTheCodingInterview" */ = {
			isa = XCConfigurationList;
			buildConfigurations = (
				26CE3FB42B45BB23008B7070 /* Debug */,
				26CE3FB52B45BB23008B7070 /* Release */,
			);
			defaultConfigurationIsVisible = 0;
			defaultConfigurationName = Release;
		};
		26CE3FB62B45BB23008B7070 /* Build configuration list for PBXNativeTarget "CrackingTheCodingInterviewTests" */ = {
			isa = XCConfigurationList;
			buildConfigurations = (
				26CE3FB72B45BB23008B7070 /* Debug */,
				26CE3FB82B45BB23008B7070 /* Release */,
			);
			defaultConfigurationIsVisible = 0;
			defaultConfigurationName = Release;
		};
		26CE3FB92B45BB23008B7070 /* Build configuration list for PBXNativeTarget "CrackingTheCodingInterviewUITests" */ = {
			isa = XCConfigurationList;
			buildConfigurations = (
				26CE3FBA2B45BB23008B7070 /* Debug */,
				26CE3FBB2B45BB23008B7070 /* Release */,
			);
			defaultConfigurationIsVisible = 0;
			defaultConfigurationName = Release;
		};
/* End XCConfigurationList section */
	};
	rootObject = 26CE3F862B45BB1F008B7070 /* Project object */;
}
